
Microsoft Visual Studio Solution File, Format Version 12.00
# Visual Studio Version 17
VisualStudioVersion = 17.5.33627.172
MinimumVisualStudioVersion = 10.0.40219.1
Project("{FAE04EC0-301F-11D3-BF4B-00C04F79EFBC}") = "BackEndProject", "BackEndProject\BackEndProject.csproj", "{51DEB985-45E6-46C2-BDC1-A6126312AB21}"
EndProject
Global
	GlobalSection(SolutionConfigurationPlatforms) = preSolution
		Debug|Any CPU = Debug|Any CPU
		Release|Any CPU = Release|Any CPU
	EndGlobalSection
	GlobalSection(ProjectConfigurationPlatforms) = postSolution
		{51DEB985-45E6-46C2-BDC1-A6126312AB21}.Debug|Any CPU.ActiveCfg = Debug|Any CPU
		{51DEB985-45E6-46C2-BDC1-A6126312AB21}.Debug|Any CPU.Build.0 = Debug|Any CPU
		{51DEB985-45E6-46C2-BDC1-A6126312AB21}.Release|Any CPU.ActiveCfg = Release|Any CPU
		{51DEB985-45E6-46C2-BDC1-A6126312AB21}.Release|Any CPU.Build.0 = Release|Any CPU
	EndGlobalSection
	GlobalSection(SolutionProperties) = preSolution
		HideSolutionNode = FALSE
	EndGlobalSection
	GlobalSection(ExtensibilityGlobals) = postSolution
		SolutionGuid = {CD7B0C8B-4DA3-4FF6-AABD-387BE2F2D341}
	EndGlobalSection
EndGlobal
